
Microsoft Visual Studio Solution File, Format Version 12.00
# Visual Studio 15
Project("{FAE04EC0-301F-11D3-BF4B-00C04F79EFBC}") = "EldoradoApi", "EldoradoApi\EldoradoApi.csproj", "{8AD65E3B-EA16-4D5D-AD3A-2CB33FBB8362}"
EndProject
Global
	GlobalSection(SolutionConfigurationPlatforms) = preSolution
		Debug|Any CPU = Debug|Any CPU
		Release|Any CPU = Release|Any CPU
	EndGlobalSection
	GlobalSection(ProjectConfigurationPlatforms) = postSolution
		{8AD65E3B-EA16-4D5D-AD3A-2CB33FBB8362}.Debug|Any CPU.ActiveCfg = Debug|Any CPU
		{8AD65E3B-EA16-4D5D-AD3A-2CB33FBB8362}.Debug|Any CPU.Build.0 = Debug|Any CPU
		{8AD65E3B-EA16-4D5D-AD3A-2CB33FBB8362}.Release|Any CPU.ActiveCfg = Release|Any CPU
		{8AD65E3B-EA16-4D5D-AD3A-2CB33FBB8362}.Release|Any CPU.Build.0 = Release|Any CPU
	EndGlobalSection
EndGlobal
